{
  "name": "refresher",
  "version": "1.0.0",
  "lockfileVersion": 3,
  "requires": true,
  "description": "",
  "keywords": [],
  "main": "index.html",
  "packages": {},
  "devDependencies": {
    "@babel/core": "7.2.0",
    "typescript": "4.4.4"
  },
  "resolutions": {
    "@babel/preset-env": "7.13.8"
  },
  "scripts": {
    "build": "parcel build index.html",
    "start": "parcel index.html --open"
  }
}
